
Microsoft Visual Studio Solution File, Format Version 12.00
Project("{FAE04EC0-301F-11D3-BF4B-00C04F79EFBC}") = "Main", "Main.csproj", "{40830591-E8A6-4B85-A1DF-362DF7BC12F3}"
EndProject
Global
	GlobalSection(SolutionConfigurationPlatforms) = preSolution
		Debug|Any CPU = Debug|Any CPU
		Release|Any CPU = Release|Any CPU
	EndGlobalSection
	GlobalSection(ProjectConfigurationPlatforms) = postSolution
		{40830591-E8A6-4B85-A1DF-362DF7BC12F3}.Debug|Any CPU.ActiveCfg = Debug|Any CPU
		{40830591-E8A6-4B85-A1DF-362DF7BC12F3}.Debug|Any CPU.Build.0 = Debug|Any CPU
		{40830591-E8A6-4B85-A1DF-362DF7BC12F3}.Release|Any CPU.ActiveCfg = Release|Any CPU
		{40830591-E8A6-4B85-A1DF-362DF7BC12F3}.Release|Any CPU.Build.0 = Release|Any CPU
	EndGlobalSection
EndGlobal
